// !$*UTF8*$!
{
	archiveVersion = 1;
	classes = {
	};
	objectVersion = 46;
	objects = {

/* Begin PBXBuildFile section */
		DAEADD651C4816BB00BB10F4 /* AppDelegate.swift in Sources */ = {isa = PBXBuildFile; fileRef = DAEADD641C4816BB00BB10F4 /* AppDelegate.swift */; };
		DAEADD671C4816BB00BB10F4 /* ViewController.swift in Sources */ = {isa = PBXBuildFile; fileRef = DAEADD661C4816BB00BB10F4 /* ViewController.swift */; };
		DAEADD6A1C4816BB00BB10F4 /* Main.storyboard in Resources */ = {isa = PBXBuildFile; fileRef = DAEADD681C4816BB00BB10F4 /* Main.storyboard */; };
		DAEADD6C1C4816BB00BB10F4 /* Assets.xcassets in Resources */ = {isa = PBXBuildFile; fileRef = DAEADD6B1C4816BB00BB10F4 /* Assets.xcassets */; };
		DAEADD6F1C4816BB00BB10F4 /* LaunchScreen.storyboard in Resources */ = {isa = PBXBuildFile; fileRef = DAEADD6D1C4816BB00BB10F4 /* LaunchScreen.storyboard */; };
		DAEADD7A1C4816BB00BB10F4 /* cs3200hw0Tests.swift in Sources */ = {isa = PBXBuildFile; fileRef = DAEADD791C4816BB00BB10F4 /* cs3200hw0Tests.swift */; };
		DAEADD851C4816BB00BB10F4 /* cs3200hw0UITests.swift in Sources */ = {isa = PBXBuildFile; fileRef = DAEADD841C4816BB00BB10F4 /* cs3200hw0UITests.swift */; };
/* End PBXBuildFile section */

/* Begin PBXContainerItemProxy section */
		DAEADD761C4816BB00BB10F4 /* PBXContainerItemProxy */ = {
			isa = PBXContainerItemProxy;
			containerPortal = DAEADD591C4816BB00BB10F4 /* Project object */;
			proxyType = 1;
			remoteGlobalIDString = DAEADD601C4816BB00BB10F4;
			remoteInfo = cs3200hw0;
		};
		DAEADD811C4816BB00BB10F4 /* PBXContainerItemProxy */ = {
			isa = PBXContainerItemProxy;
			containerPortal = DAEADD591C4816BB00BB10F4 /* Project object */;
			proxyType = 1;
			remoteGlobalIDString = DAEADD601C4816BB00BB10F4;
			remoteInfo = cs3200hw0;
		};
/* End PBXContainerItemProxy section */

/* Begin PBXFileReference section */
		DAEADD611C4816BB00BB10F4 /* cs3200hw0.app */ = {isa = PBXFileReference; explicitFileType = wrapper.application; includeInIndex = 0; path = cs3200hw0.app; sourceTree = BUILT_PRODUCTS_DIR; };
		DAEADD641C4816BB00BB10F4 /* AppDelegate.swift */ = {isa = PBXFileReference; lastKnownFileType = sourcecode.swift; path = AppDelegate.swift; sourceTree = "<group>"; };
		DAEADD661C4816BB00BB10F4 /* ViewController.swift */ = {isa = PBXFileReference; lastKnownFileType = sourcecode.swift; path = ViewController.swift; sourceTree = "<group>"; };
		DAEADD691C4816BB00BB10F4 /* Base */ = {isa = PBXFileReference; lastKnownFileType = file.storyboard; name = Base; path = Base.lproj/Main.storyboard; sourceTree = "<group>"; };
		DAEADD6B1C4816BB00BB10F4 /* Assets.xcassets */ = {isa = PBXFileReference; lastKnownFileType = folder.assetcatalog; path = Assets.xcassets; sourceTree = "<group>"; };
		DAEADD6E1C4816BB00BB10F4 /* Base */ = {isa = PBXFileReference; lastKnownFileType = file.storyboard; name = Base; path = Base.lproj/LaunchScreen.storyboard; sourceTree = "<group>"; };
		DAEADD701C4816BB00BB10F4 /* Info.plist */ = {isa = PBXFileReference; lastKnownFileType = text.plist.xml; path = Info.plist; sourceTree = "<group>"; };
		DAEADD751C4816BB00BB10F4 /* cs3200hw0Tests.xctest */ = {isa = PBXFileReference; explicitFileType = wrapper.cfbundle; includeInIndex = 0; path = cs3200hw0Tests.xctest; sourceTree = BUILT_PRODUCTS_DIR; };
		DAEADD791C4816BB00BB10F4 /* cs3200hw0Tests.swift */ = {isa = PBXFileReference; lastKnownFileType = sourcecode.swift; path = cs3200hw0Tests.swift; sourceTree = "<group>"; };
		DAEADD7B1C4816BB00BB10F4 /* Info.plist */ = {isa = PBXFileReference; lastKnownFileType = text.plist.xml; path = Info.plist; sourceTree = "<group>"; };
		DAEADD801C4816BB00BB10F4 /* cs3200hw0UITests.xctest */ = {isa = PBXFileReference; explicitFileType = wrapper.cfbundle; includeInIndex = 0; path = cs3200hw0UITests.xctest; sourceTree = BUILT_PRODUCTS_DIR; };
		DAEADD841C4816BB00BB10F4 /* cs3200hw0UITests.swift */ = {isa = PBXFileReference; lastKnownFileType = sourcecode.swift; path = cs3200hw0UITests.swift; sourceTree = "<group>"; };
		DAEADD861C4816BB00BB10F4 /* Info.plist */ = {isa = PBXFileReference; lastKnownFileType = text.plist.xml; path = Info.plist; sourceTree = "<group>"; };
/* End PBXFileReference section */

/* Begin PBXFrameworksBuildPhase section */
		DAEADD5E1C4816BB00BB10F4 /* Frameworks */ = {
			isa = PBXFrameworksBuildPhase;
			buildActionMask = 2147483647;
			files = (
			);
			runOnlyForDeploymentPostprocessing = 0;
		};
		DAEADD721C4816BB00BB10F4 /* Frameworks */ = {
			isa = PBXFrameworksBuildPhase;
			buildActionMask = 2147483647;
			files = (
			);
			runOnlyForDeploymentPostprocessing = 0;
		};
		DAEADD7D1C4816BB00BB10F4 /* Frameworks */ = {
			isa = PBXFrameworksBuildPhase;
			buildActionMask = 2147483647;
			files = (
			);
			runOnlyForDeploymentPostprocessing = 0;
		};
/* End PBXFrameworksBuildPhase section */

/* Begin PBXGroup section */
		DAEADD581C4816BB00BB10F4 = {
			isa = PBXGroup;
			children = (
				DAEADD631C4816BB00BB10F4 /* cs3200hw0 */,
				DAEADD781C4816BB00BB10F4 /* cs3200hw0Tests */,
				DAEADD831C4816BB00BB10F4 /* cs3200hw0UITests */,
				DAEADD621C4816BB00BB10F4 /* Products */,
			);
			sourceTree = "<group>";
		};
		DAEADD621C4816BB00BB10F4 /* Products */ = {
			isa = PBXGroup;
			children = (
				DAEADD611C4816BB00BB10F4 /* cs3200hw0.app */,
				DAEADD751C4816BB00BB10F4 /* cs3200hw0Tests.xctest */,
				DAEADD801C4816BB00BB10F4 /* cs3200hw0UITests.xctest */,
			);
			name = Products;
			sourceTree = "<group>";
		};
		DAEADD631C4816BB00BB10F4 /* cs3200hw0 */ = {
			isa = PBXGroup;
			children = (
				DAEADD641C4816BB00BB10F4 /* AppDelegate.swift */,
				DAEADD661C4816BB00BB10F4 /* ViewController.swift */,
				DAEADD681C4816BB00BB10F4 /* Main.storyboard */,
				DAEADD6B1C4816BB00BB10F4 /* Assets.xcassets */,
				DAEADD6D1C4816BB00BB10F4 /* LaunchScreen.storyboard */,
				DAEADD701C4816BB00BB10F4 /* Info.plist */,
			);
			path = cs3200hw0;
			sourceTree = "<group>";
		};
		DAEADD781C4816BB00BB10F4 /* cs3200hw0Tests */ = {
			isa = PBXGroup;
			children = (
				DAEADD791C4816BB00BB10F4 /* cs3200hw0Tests.swift */,
				DAEADD7B1C4816BB00BB10F4 /* Info.plist */,
			);
			path = cs3200hw0Tests;
			sourceTree = "<group>";
		};
		DAEADD831C4816BB00BB10F4 /* cs3200hw0UITests */ = {
			isa = PBXGroup;
			children = (
				DAEADD841C4816BB00BB10F4 /* cs3200hw0UITests.swift */,
				DAEADD861C4816BB00BB10F4 /* Info.plist */,
			);
			path = cs3200hw0UITests;
			sourceTree = "<group>";
		};
/* End PBXGroup section */

/* Begin PBXNativeTarget section */
		DAEADD601C4816BB00BB10F4 /* cs3200hw0 */ = {
			isa = PBXNativeTarget;
			buildConfigurationList = DAEADD891C4816BB00BB10F4 /* Build configuration list for PBXNativeTarget "cs3200hw0" */;
			buildPhases = (
				DAEADD5D1C4816BB00BB10F4 /* Sources */,
				DAEADD5E1C4816BB00BB10F4 /* Frameworks */,
				DAEADD5F1C4816BB00BB10F4 /* Resources */,
			);
			buildRules = (
			);
			dependencies = (
			);
			name = cs3200hw0;
			productName = cs3200hw0;
			productReference = DAEADD611C4816BB00BB10F4 /* cs3200hw0.app */;
			productType = "com.apple.product-type.application";
		};
		DAEADD741C4816BB00BB10F4 /* cs3200hw0Tests */ = {
			isa = PBXNativeTarget;
			buildConfigurationList = DAEADD8C1C4816BB00BB10F4 /* Build configuration list for PBXNativeTarget "cs3200hw0Tests" */;
			buildPhases = (
				DAEADD711C4816BB00BB10F4 /* Sources */,
				DAEADD721C4816BB00BB10F4 /* Frameworks */,
				DAEADD731C4816BB00BB10F4 /* Resources */,
			);
			buildRules = (
			);
			dependencies = (
				DAEADD771C4816BB00BB10F4 /* PBXTargetDependency */,
			);
			name = cs3200hw0Tests;
			productName = cs3200hw0Tests;
			productReference = DAEADD751C4816BB00BB10F4 /* cs3200hw0Tests.xctest */;
			productType = "com.apple.product-type.bundle.unit-test";
		};
		DAEADD7F1C4816BB00BB10F4 /* cs3200hw0UITests */ = {
			isa = PBXNativeTarget;
			buildConfigurationList = DAEADD8F1C4816BB00BB10F4 /* Build configuration list for PBXNativeTarget "cs3200hw0UITests" */;
			buildPhases = (
				DAEADD7C1C4816BB00BB10F4 /* Sources */,
				DAEADD7D1C4816BB00BB10F4 /* Frameworks */,
				DAEADD7E1C4816BB00BB10F4 /* Resources */,
			);
			buildRules = (
			);
			dependencies = (
				DAEADD821C4816BB00BB10F4 /* PBXTargetDependency */,
			);
			name = cs3200hw0UITests;
			productName = cs3200hw0UITests;
			productReference = DAEADD801C4816BB00BB10F4 /* cs3200hw0UITests.xctest */;
			productType = "com.apple.product-type.bundle.ui-testing";
		};
/* End PBXNativeTarget section */

/* Begin PBXProject section */
		DAEADD591C4816BB00BB10F4 /* Project object */ = {
			isa = PBXProject;
			attributes = {
				LastSwiftUpdateCheck = 0720;
				LastUpgradeCheck = 0720;
				ORGANIZATIONNAME = "Emily Bertschinger";
				TargetAttributes = {
					DAEADD601C4816BB00BB10F4 = {
						CreatedOnToolsVersion = 7.2;
					};
					DAEADD741C4816BB00BB10F4 = {
						CreatedOnToolsVersion = 7.2;
						TestTargetID = DAEADD601C4816BB00BB10F4;
					};
					DAEADD7F1C4816BB00BB10F4 = {
						CreatedOnToolsVersion = 7.2;
						TestTargetID = DAEADD601C4816BB00BB10F4;
					};
				};
			};
			buildConfigurationList = DAEADD5C1C4816BB00BB10F4 /* Build configuration list for PBXProject "cs3200hw0" */;
			compatibilityVersion = "Xcode 3.2";
			developmentRegion = English;
			hasScannedForEncodings = 0;
			knownRegions = (
				en,
				Base,
			);
			mainGroup = DAEADD581C4816BB00BB10F4;
			productRefGroup = DAEADD621C4816BB00BB10F4 /* Products */;
			projectDirPath = "";
			projectRoot = "";
			targets = (
				DAEADD601C4816BB00BB10F4 /* cs3200hw0 */,
				DAEADD741C4816BB00BB10F4 /* cs3200hw0Tests */,
				DAEADD7F1C4816BB00BB10F4 /* cs3200hw0UITests */,
			);
		};
/* End PBXProject section */

/* Begin PBXResourcesBuildPhase section */
		DAEADD5F1C4816BB00BB10F4 /* Resources */ = {
			isa = PBXResourcesBuildPhase;
			buildActionMask = 2147483647;
			files = (
				DAEADD6F1C4816BB00BB10F4 /* LaunchScreen.storyboard in Resources */,
				DAEADD6C1C4816BB00BB10F4 /* Assets.xcassets in Resources */,
				DAEADD6A1C4816BB00BB10F4 /* Main.storyboard in Resources */,
			);
			runOnlyForDeploymentPostprocessing = 0;
		};
		DAEADD731C4816BB00BB10F4 /* Resources */ = {
			isa = PBXResourcesBuildPhase;
			buildActionMask = 2147483647;
			files = (
			);
			runOnlyForDeploymentPostprocessing = 0;
		};
		DAEADD7E1C4816BB00BB10F4 /* Resources */ = {
			isa = PBXResourcesBuildPhase;
			buildActionMask = 2147483647;
			files = (
			);
			runOnlyForDeploymentPostprocessing = 0;
		};
/* End PBXResourcesBuildPhase section */

/* Begin PBXSourcesBuildPhase section */
		DAEADD5D1C4816BB00BB10F4 /* Sources */ = {
			isa = PBXSourcesBuildPhase;
			buildActionMask = 2147483647;
			files = (
				DAEADD671C4816BB00BB10F4 /* ViewController.swift in Sources */,
				DAEADD651C4816BB00BB10F4 /* AppDelegate.swift in Sources */,
			);
			runOnlyForDeploymentPostprocessing = 0;
		};
		DAEADD711C4816BB00BB10F4 /* Sources */ = {
			isa = PBXSourcesBuildPhase;
			buildActionMask = 2147483647;
			files = (
				DAEADD7A1C4816BB00BB10F4 /* cs3200hw0Tests.swift in Sources */,
			);
			runOnlyForDeploymentPostprocessing = 0;
		};
		DAEADD7C1C4816BB00BB10F4 /* Sources */ = {
			isa = PBXSourcesBuildPhase;
			buildActionMask = 2147483647;
			files = (
				DAEADD851C4816BB00BB10F4 /* cs3200hw0UITests.swift in Sources */,
			);
			runOnlyForDeploymentPostprocessing = 0;
		};
/* End PBXSourcesBuildPhase section */

/* Begin PBXTargetDependency section */
		DAEADD771C4816BB00BB10F4 /* PBXTargetDependency */ = {
			isa = PBXTargetDependency;
			target = DAEADD601C4816BB00BB10F4 /* cs3200hw0 */;
			targetProxy = DAEADD761C4816BB00BB10F4 /* PBXContainerItemProxy */;
		};
		DAEADD821C4816BB00BB10F4 /* PBXTargetDependency */ = {
			isa = PBXTargetDependency;
			target = DAEADD601C4816BB00BB10F4 /* cs3200hw0 */;
			targetProxy = DAEADD811C4816BB00BB10F4 /* PBXContainerItemProxy */;
		};
/* End PBXTargetDependency section */

/* Begin PBXVariantGroup section */
		DAEADD681C4816BB00BB10F4 /* Main.storyboard */ = {
			isa = PBXVariantGroup;
			children = (
				DAEADD691C4816BB00BB10F4 /* Base */,
			);
			name = Main.storyboard;
			sourceTree = "<group>";
		};
		DAEADD6D1C4816BB00BB10F4 /* LaunchScreen.storyboard */ = {
			isa = PBXVariantGroup;
			children = (
				DAEADD6E1C4816BB00BB10F4 /* Base */,
			);
			name = LaunchScreen.storyboard;
			sourceTree = "<group>";
		};
/* End PBXVariantGroup section */

/* Begin XCBuildConfiguration section */
		DAEADD871C4816BB00BB10F4 /* Debug */ = {
			isa = XCBuildConfiguration;
			buildSettings = {
				ALWAYS_SEARCH_USER_PATHS = NO;
				CLANG_CXX_LANGUAGE_STANDARD = "gnu++0x";
				CLANG_CXX_LIBRARY = "libc++";
				CLANG_ENABLE_MODULES = YES;
				CLANG_ENABLE_OBJC_ARC = YES;
				CLANG_WARN_BOOL_CONVERSION = YES;
				CLANG_WARN_CONSTANT_CONVERSION = YES;
				CLANG_WARN_DIRECT_OBJC_ISA_USAGE = YES_ERROR;
				CLANG_WARN_EMPTY_BODY = YES;
				CLANG_WARN_ENUM_CONVERSION = YES;
				CLANG_WARN_INT_CONVERSION = YES;
				CLANG_WARN_OBJC_ROOT_CLASS = YES_ERROR;
				CLANG_WARN_UNREACHABLE_CODE = YES;
				CLANG_WARN__DUPLICATE_METHOD_MATCH = YES;
				"CODE_SIGN_IDENTITY[sdk=iphoneos*]" = "iPhone Developer";
				COPY_PHASE_STRIP = NO;
				DEBUG_INFORMATION_FORMAT = dwarf;
				ENABLE_STRICT_OBJC_MSGSEND = YES;
				ENABLE_TESTABILITY = YES;
				GCC_C_LANGUAGE_STANDARD = gnu99;
				GCC_DYNAMIC_NO_PIC = NO;
				GCC_NO_COMMON_BLOCKS = YES;
				GCC_OPTIMIZATION_LEVEL = 0;
				GCC_PREPROCESSOR_DEFINITIONS = (
					"DEBUG=1",
					"$(inherited)",
				);
				GCC_WARN_64_TO_32_BIT_CONVERSION = YES;
				GCC_WARN_ABOUT_RETURN_TYPE = YES_ERROR;
				GCC_WARN_UNDECLARED_SELECTOR = YES;
				GCC_WARN_UNINITIALIZED_AUTOS = YES_AGGRESSIVE;
				GCC_WARN_UNUSED_FUNCTION = YES;
				GCC_WARN_UNUSED_VARIABLE = YES;
				IPHONEOS_DEPLOYMENT_TARGET = 9.2;
				MTL_ENABLE_DEBUG_INFO = YES;
				ONLY_ACTIVE_ARCH = YES;
				SDKROOT = iphoneos;
				SWIFT_OPTIMIZATION_LEVEL = "-Onone";
			};
			name = Debug;
		};
		DAEADD881C4816BB00BB10F4 /* Release */ = {
			isa = XCBuildConfiguration;
			buildSettings = {
				ALWAYS_SEARCH_USER_PATHS = NO;
				CLANG_CXX_LANGUAGE_STANDARD = "gnu++0x";
				CLANG_CXX_LIBRARY = "libc++";
				CLANG_ENABLE_MODULES = YES;
				CLANG_ENABLE_OBJC_ARC = YES;
				CLANG_WARN_BOOL_CONVERSION = YES;
				CLANG_WARN_CONSTANT_CONVERSION = YES;
				CLANG_WARN_DIRECT_OBJC_ISA_USAGE = YES_ERROR;
				CLANG_WARN_EMPTY_BODY = YES;
				CLANG_WARN_ENUM_CONVERSION = YES;
				CLANG_WARN_INT_CONVERSION = YES;
				CLANG_WARN_OBJC_ROOT_CLASS = YES_ERROR;
				CLANG_WARN_UNREACHABLE_CODE = YES;
				CLANG_WARN__DUPLICATE_METHOD_MATCH = YES;
				"CODE_SIGN_IDENTITY[sdk=iphoneos*]" = "iPhone Developer";
				COPY_PHASE_STRIP = NO;
				DEBUG_INFORMATION_FORMAT = "dwarf-with-dsym";
				ENABLE_NS_ASSERTIONS = NO;
				ENABLE_STRICT_OBJC_MSGSEND = YES;
				GCC_C_LANGUAGE_STANDARD = gnu99;
				GCC_NO_COMMON_BLOCKS = YES;
				GCC_WARN_64_TO_32_BIT_CONVERSION = YES;
				GCC_WARN_ABOUT_RETURN_TYPE = YES_ERROR;
				GCC_WARN_UNDECLARED_SELECTOR = YES;
				GCC_WARN_UNINITIALIZED_AUTOS = YES_AGGRESSIVE;
				GCC_WARN_UNUSED_FUNCTION = YES;
				GCC_WARN_UNUSED_VARIABLE = YES;
				IPHONEOS_DEPLOYMENT_TARGET = 9.2;
				MTL_ENABLE_DEBUG_INFO = NO;
				SDKROOT = iphoneos;
				VALIDATE_PRODUCT = YES;
			};
			name = Release;
		};
		DAEADD8A1C4816BB00BB10F4 /* Debug */ = {
			isa = XCBuildConfiguration;
			buildSettings = {
				ASSETCATALOG_COMPILER_APPICON_NAME = AppIcon;
				INFOPLIST_FILE = cs3200hw0/Info.plist;
				LD_RUNPATH_SEARCH_PATHS = "$(inherited) @executable_path/Frameworks";
				PRODUCT_BUNDLE_IDENTIFIER = cs.cs3200hw0;
				PRODUCT_NAME = "$(TARGET_NAME)";
			};
			name = Debug;
		};
		DAEADD8B1C4816BB00BB10F4 /* Release */ = {
			isa = XCBuildConfiguration;
			buildSettings = {
				ASSETCATALOG_COMPILER_APPICON_NAME = AppIcon;
				INFOPLIST_FILE = cs3200hw0/Info.plist;
				LD_RUNPATH_SEARCH_PATHS = "$(inherited) @executable_path/Frameworks";
				PRODUCT_BUNDLE_IDENTIFIER = cs.cs3200hw0;
				PRODUCT_NAME = "$(TARGET_NAME)";
			};
			name = Release;
		};
		DAEADD8D1C4816BB00BB10F4 /* Debug */ = {
			isa = XCBuildConfiguration;
			buildSettings = {
				BUNDLE_LOADER = "$(TEST_HOST)";
				INFOPLIST_FILE = cs3200hw0Tests/Info.plist;
				LD_RUNPATH_SEARCH_PATHS = "$(inherited) @executable_path/Frameworks @loader_path/Frameworks";
				PRODUCT_BUNDLE_IDENTIFIER = cs.cs3200hw0Tests;
				PRODUCT_NAME = "$(TARGET_NAME)";
				TEST_HOST = "$(BUILT_PRODUCTS_DIR)/cs3200hw0.app/cs3200hw0";
			};
			name = Debug;
		};
		DAEADD8E1C4816BB00BB10F4 /* Release */ = {
			isa = XCBuildConfiguration;
			buildSettings = {
				BUNDLE_LOADER = "$(TEST_HOST)";
				INFOPLIST_FILE = cs3200hw0Tests/Info.plist;
				LD_RUNPATH_SEARCH_PATHS = "$(inherited) @executable_path/Frameworks @loader_path/Frameworks";
				PRODUCT_BUNDLE_IDENTIFIER = cs.cs3200hw0Tests;
				PRODUCT_NAME = "$(TARGET_NAME)";
				TEST_HOST = "$(BUILT_PRODUCTS_DIR)/cs3200hw0.app/cs3200hw0";
			};
			name = Release;
		};
		DAEADD901C4816BB00BB10F4 /* Debug */ = {
			isa = XCBuildConfiguration;
			buildSettings = {
				INFOPLIST_FILE = cs3200hw0UITests/Info.plist;
				LD_RUNPATH_SEARCH_PATHS = "$(inherited) @executable_path/Frameworks @loader_path/Frameworks";
				PRODUCT_BUNDLE_IDENTIFIER = cs.cs3200hw0UITests;
				PRODUCT_NAME = "$(TARGET_NAME)";
				TEST_TARGET_NAME = cs3200hw0;
				USES_XCTRUNNER = YES;
			};
			name = Debug;
		};
		DAEADD911C4816BB00BB10F4 /* Release */ = {
			isa = XCBuildConfiguration;
			buildSettings = {
				INFOPLIST_FILE = cs3200hw0UITests/Info.plist;
				LD_RUNPATH_SEARCH_PATHS = "$(inherited) @executable_path/Frameworks @loader_path/Frameworks";
				PRODUCT_BUNDLE_IDENTIFIER = cs.cs3200hw0UITests;
				PRODUCT_NAME = "$(TARGET_NAME)";
				TEST_TARGET_NAME = cs3200hw0;
				USES_XCTRUNNER = YES;
			};
			name = Release;
		};
/* End XCBuildConfiguration section */

/* Begin XCConfigurationList section */
		DAEADD5C1C4816BB00BB10F4 /* Build configuration list for PBXProject "cs3200hw0" */ = {
			isa = XCConfigurationList;
			buildConfigurations = (
				DAEADD871C4816BB00BB10F4 /* Debug */,
				DAEADD881C4816BB00BB10F4 /* Release */,
			);
			defaultConfigurationIsVisible = 0;
			defaultConfigurationName = Release;
		};
		DAEADD891C4816BB00BB10F4 /* Build configuration list for PBXNativeTarget "cs3200hw0" */ = {
			isa = XCConfigurationList;
			buildConfigurations = (
				DAEADD8A1C4816BB00BB10F4 /* Debug */,
				DAEADD8B1C4816BB00BB10F4 /* Release */,
			);
			defaultConfigurationIsVisible = 0;
		};
		DAEADD8C1C4816BB00BB10F4 /* Build configuration list for PBXNativeTarget "cs3200hw0Tests" */ = {
			isa = XCConfigurationList;
			buildConfigurations = (
				DAEADD8D1C4816BB00BB10F4 /* Debug */,
				DAEADD8E1C4816BB00BB10F4 /* Release */,
			);
			defaultConfigurationIsVisible = 0;
		};
		DAEADD8F1C4816BB00BB10F4 /* Build configuration list for PBXNativeTarget "cs3200hw0UITests" */ = {
			isa = XCConfigurationList;
			buildConfigurations = (
				DAEADD901C4816BB00BB10F4 /* Debug */,
				DAEADD911C4816BB00BB10F4 /* Release */,
			);
			defaultConfigurationIsVisible = 0;
		};
/* End XCConfigurationList section */
	};
	rootObject = DAEADD591C4816BB00BB10F4 /* Project object */;
}
